// !$*UTF8*$!
{
	archiveVersion = 1;
	classes = {
	};
	objectVersion = 55;
	objects = {

/* Begin PBXBuildFile section */
		DF6A8443F435A60E0A8C41CB /* Pods_InstagramChallenge.framework in Frameworks */ = {isa = PBXBuildFile; fileRef = E4E5E42D3F9B3F6D44B5528B /* Pods_InstagramChallenge.framework */; };
		EE11DAA62897905200410CC0 /* SignUpTabmanVC.swift in Sources */ = {isa = PBXBuildFile; fileRef = EE11DAA52897905200410CC0 /* SignUpTabmanVC.swift */; };
		EE11DAA8289790B400410CC0 /* PhoneSignVC.swift in Sources */ = {isa = PBXBuildFile; fileRef = EE11DAA7289790B400410CC0 /* PhoneSignVC.swift */; };
		EE11DAAA289790BB00410CC0 /* EmailSignVC.swift in Sources */ = {isa = PBXBuildFile; fileRef = EE11DAA9289790BB00410CC0 /* EmailSignVC.swift */; };
		EE11DAAD28979FF500410CC0 /* SignUpMainVC.swift in Sources */ = {isa = PBXBuildFile; fileRef = EE11DAAC28979FF500410CC0 /* SignUpMainVC.swift */; };
		EEAF6ADC2895858D00453AAA /* AppDelegate.swift in Sources */ = {isa = PBXBuildFile; fileRef = EEAF6ADB2895858D00453AAA /* AppDelegate.swift */; };
		EEAF6ADE2895858D00453AAA /* SceneDelegate.swift in Sources */ = {isa = PBXBuildFile; fileRef = EEAF6ADD2895858D00453AAA /* SceneDelegate.swift */; };
		EEAF6AE02895858D00453AAA /* ViewController.swift in Sources */ = {isa = PBXBuildFile; fileRef = EEAF6ADF2895858D00453AAA /* ViewController.swift */; };
		EEAF6AE32895858D00453AAA /* Main.storyboard in Resources */ = {isa = PBXBuildFile; fileRef = EEAF6AE12895858D00453AAA /* Main.storyboard */; };
		EEAF6AE52895859000453AAA /* Assets.xcassets in Resources */ = {isa = PBXBuildFile; fileRef = EEAF6AE42895859000453AAA /* Assets.xcassets */; };
		EEAF6AE82895859000453AAA /* LaunchScreen.storyboard in Resources */ = {isa = PBXBuildFile; fileRef = EEAF6AE62895859000453AAA /* LaunchScreen.storyboard */; };
		EEE0EC8A28963E4B007ED8AA /* LoginVC.swift in Sources */ = {isa = PBXBuildFile; fileRef = EEE0EC8928963E4B007ED8AA /* LoginVC.swift */; };
		EEFE505C2898F23D00B7247F /* SignUpChoiceVC.swift in Sources */ = {isa = PBXBuildFile; fileRef = EEFE505B2898F23D00B7247F /* SignUpChoiceVC.swift */; };
/* End PBXBuildFile section */

/* Begin PBXFileReference section */
		230240CB4F64DD69035DACFE /* Pods-InstagramChallenge.release.xcconfig */ = {isa = PBXFileReference; includeInIndex = 1; lastKnownFileType = text.xcconfig; name = "Pods-InstagramChallenge.release.xcconfig"; path = "Target Support Files/Pods-InstagramChallenge/Pods-InstagramChallenge.release.xcconfig"; sourceTree = "<group>"; };
		BE7AC3CA5685D74ECA703734 /* Pods-InstagramChallenge.debug.xcconfig */ = {isa = PBXFileReference; includeInIndex = 1; lastKnownFileType = text.xcconfig; name = "Pods-InstagramChallenge.debug.xcconfig"; path = "Target Support Files/Pods-InstagramChallenge/Pods-InstagramChallenge.debug.xcconfig"; sourceTree = "<group>"; };
		E4E5E42D3F9B3F6D44B5528B /* Pods_InstagramChallenge.framework */ = {isa = PBXFileReference; explicitFileType = wrapper.framework; includeInIndex = 0; path = Pods_InstagramChallenge.framework; sourceTree = BUILT_PRODUCTS_DIR; };
		EE11DAA52897905200410CC0 /* SignUpTabmanVC.swift */ = {isa = PBXFileReference; lastKnownFileType = sourcecode.swift; path = SignUpTabmanVC.swift; sourceTree = "<group>"; };
		EE11DAA7289790B400410CC0 /* PhoneSignVC.swift */ = {isa = PBXFileReference; lastKnownFileType = sourcecode.swift; path = PhoneSignVC.swift; sourceTree = "<group>"; };
		EE11DAA9289790BB00410CC0 /* EmailSignVC.swift */ = {isa = PBXFileReference; lastKnownFileType = sourcecode.swift; path = EmailSignVC.swift; sourceTree = "<group>"; };
		EE11DAAC28979FF500410CC0 /* SignUpMainVC.swift */ = {isa = PBXFileReference; lastKnownFileType = sourcecode.swift; path = SignUpMainVC.swift; sourceTree = "<group>"; };
		EEAF6AD82895858D00453AAA /* InstagramChallenge.app */ = {isa = PBXFileReference; explicitFileType = wrapper.application; includeInIndex = 0; path = InstagramChallenge.app; sourceTree = BUILT_PRODUCTS_DIR; };
		EEAF6ADB2895858D00453AAA /* AppDelegate.swift */ = {isa = PBXFileReference; lastKnownFileType = sourcecode.swift; path = AppDelegate.swift; sourceTree = "<group>"; };
		EEAF6ADD2895858D00453AAA /* SceneDelegate.swift */ = {isa = PBXFileReference; lastKnownFileType = sourcecode.swift; path = SceneDelegate.swift; sourceTree = "<group>"; };
		EEAF6ADF2895858D00453AAA /* ViewController.swift */ = {isa = PBXFileReference; lastKnownFileType = sourcecode.swift; path = ViewController.swift; sourceTree = "<group>"; };
		EEAF6AE22895858D00453AAA /* Base */ = {isa = PBXFileReference; lastKnownFileType = file.storyboard; name = Base; path = Base.lproj/Main.storyboard; sourceTree = "<group>"; };
		EEAF6AE42895859000453AAA /* Assets.xcassets */ = {isa = PBXFileReference; lastKnownFileType = folder.assetcatalog; path = Assets.xcassets; sourceTree = "<group>"; };
		EEAF6AE72895859000453AAA /* Base */ = {isa = PBXFileReference; lastKnownFileType = file.storyboard; name = Base; path = Base.lproj/LaunchScreen.storyboard; sourceTree = "<group>"; };
		EEAF6AE92895859000453AAA /* Info.plist */ = {isa = PBXFileReference; lastKnownFileType = text.plist.xml; path = Info.plist; sourceTree = "<group>"; };
		EEE0EC8928963E4B007ED8AA /* LoginVC.swift */ = {isa = PBXFileReference; lastKnownFileType = sourcecode.swift; path = LoginVC.swift; sourceTree = "<group>"; };
		EEFE505B2898F23D00B7247F /* SignUpChoiceVC.swift */ = {isa = PBXFileReference; lastKnownFileType = sourcecode.swift; path = SignUpChoiceVC.swift; sourceTree = "<group>"; };
/* End PBXFileReference section */

/* Begin PBXFrameworksBuildPhase section */
		EEAF6AD52895858D00453AAA /* Frameworks */ = {
			isa = PBXFrameworksBuildPhase;
			buildActionMask = 2147483647;
			files = (
				DF6A8443F435A60E0A8C41CB /* Pods_InstagramChallenge.framework in Frameworks */,
			);
			runOnlyForDeploymentPostprocessing = 0;
		};
/* End PBXFrameworksBuildPhase section */

/* Begin PBXGroup section */
		9F7383C6C4482FF5CC94A9EC /* Pods */ = {
			isa = PBXGroup;
			children = (
				BE7AC3CA5685D74ECA703734 /* Pods-InstagramChallenge.debug.xcconfig */,
				230240CB4F64DD69035DACFE /* Pods-InstagramChallenge.release.xcconfig */,
			);
			path = Pods;
			sourceTree = "<group>";
		};
		EE11DAA42897901F00410CC0 /* SignUpScene */ = {
			isa = PBXGroup;
			children = (
				EE11DAA52897905200410CC0 /* SignUpTabmanVC.swift */,
				EE11DAA7289790B400410CC0 /* PhoneSignVC.swift */,
				EE11DAA9289790BB00410CC0 /* EmailSignVC.swift */,
				EE11DAAC28979FF500410CC0 /* SignUpMainVC.swift */,
				EEFE505B2898F23D00B7247F /* SignUpChoiceVC.swift */,
			);
			path = SignUpScene;
			sourceTree = "<group>";
		};
		EEAF6ACF2895858D00453AAA = {
			isa = PBXGroup;
			children = (
				EEAF6ADA2895858D00453AAA /* InstagramChallenge */,
				EEAF6AD92895858D00453AAA /* Products */,
				9F7383C6C4482FF5CC94A9EC /* Pods */,
				F39BED1A512EE3444D3E9671 /* Frameworks */,
			);
			sourceTree = "<group>";
		};
		EEAF6AD92895858D00453AAA /* Products */ = {
			isa = PBXGroup;
			children = (
				EEAF6AD82895858D00453AAA /* InstagramChallenge.app */,
			);
			name = Products;
			sourceTree = "<group>";
		};
		EEAF6ADA2895858D00453AAA /* InstagramChallenge */ = {
			isa = PBXGroup;
			children = (
				EEAF6AF3289586CA00453AAA /* Model */,
				EEAF6AF2289586C100453AAA /* Controller */,
				EEAF6AEF2895869E00453AAA /* View */,
				EEAF6ADB2895858D00453AAA /* AppDelegate.swift */,
				EEAF6ADD2895858D00453AAA /* SceneDelegate.swift */,
				EEAF6AE42895859000453AAA /* Assets.xcassets */,
				EEAF6AE62895859000453AAA /* LaunchScreen.storyboard */,
				EEAF6AE92895859000453AAA /* Info.plist */,
			);
			path = InstagramChallenge;
			sourceTree = "<group>";
		};
		EEAF6AEF2895869E00453AAA /* View */ = {
			isa = PBXGroup;
			children = (
				EEAF6AE12895858D00453AAA /* Main.storyboard */,
			);
			path = View;
			sourceTree = "<group>";
		};
		EEAF6AF2289586C100453AAA /* Controller */ = {
			isa = PBXGroup;
			children = (
				EEE0EC8B28964943007ED8AA /* LoginScene */,
			);
			path = Controller;
			sourceTree = "<group>";
		};
		EEAF6AF3289586CA00453AAA /* Model */ = {
			isa = PBXGroup;
			children = (
			);
			path = Model;
			sourceTree = "<group>";
		};
		EEE0EC8B28964943007ED8AA /* LoginScene */ = {
			isa = PBXGroup;
			children = (
				EE11DAA42897901F00410CC0 /* SignUpScene */,
				EEE0EC8C28964956007ED8AA /* Dialog */,
				EEAF6ADF2895858D00453AAA /* ViewController.swift */,
				EEE0EC8928963E4B007ED8AA /* LoginVC.swift */,
			);
			path = LoginScene;
			sourceTree = "<group>";
		};
		EEE0EC8C28964956007ED8AA /* Dialog */ = {
			isa = PBXGroup;
			children = (
			);
			path = Dialog;
			sourceTree = "<group>";
		};
		F39BED1A512EE3444D3E9671 /* Frameworks */ = {
			isa = PBXGroup;
			children = (
				E4E5E42D3F9B3F6D44B5528B /* Pods_InstagramChallenge.framework */,
			);
			name = Frameworks;
			sourceTree = "<group>";
		};
/* End PBXGroup section */

/* Begin PBXNativeTarget section */
		EEAF6AD72895858D00453AAA /* InstagramChallenge */ = {
			isa = PBXNativeTarget;
			buildConfigurationList = EEAF6AEC2895859000453AAA /* Build configuration list for PBXNativeTarget "InstagramChallenge" */;
			buildPhases = (
				1DF2CB4C82FE089F5E80CC75 /* [CP] Check Pods Manifest.lock */,
				EEAF6AD42895858D00453AAA /* Sources */,
				EEAF6AD52895858D00453AAA /* Frameworks */,
				EEAF6AD62895858D00453AAA /* Resources */,
				42DD8039E6A417CEE0F0E881 /* [CP] Embed Pods Frameworks */,
			);
			buildRules = (
			);
			dependencies = (
			);
			name = InstagramChallenge;
			productName = InstagramChallenge;
			productReference = EEAF6AD82895858D00453AAA /* InstagramChallenge.app */;
			productType = "com.apple.product-type.application";
		};
/* End PBXNativeTarget section */

/* Begin PBXProject section */
		EEAF6AD02895858D00453AAA /* Project object */ = {
			isa = PBXProject;
			attributes = {
				BuildIndependentTargetsInParallel = 1;
				LastSwiftUpdateCheck = 1340;
				LastUpgradeCheck = 1340;
				TargetAttributes = {
					EEAF6AD72895858D00453AAA = {
						CreatedOnToolsVersion = 13.4.1;
					};
				};
			};
			buildConfigurationList = EEAF6AD32895858D00453AAA /* Build configuration list for PBXProject "InstagramChallenge" */;
			compatibilityVersion = "Xcode 13.0";
			developmentRegion = en;
			hasScannedForEncodings = 0;
			knownRegions = (
				en,
				Base,
			);
			mainGroup = EEAF6ACF2895858D00453AAA;
			productRefGroup = EEAF6AD92895858D00453AAA /* Products */;
			projectDirPath = "";
			projectRoot = "";
			targets = (
				EEAF6AD72895858D00453AAA /* InstagramChallenge */,
			);
		};
/* End PBXProject section */

/* Begin PBXResourcesBuildPhase section */
		EEAF6AD62895858D00453AAA /* Resources */ = {
			isa = PBXResourcesBuildPhase;
			buildActionMask = 2147483647;
			files = (
				EEAF6AE82895859000453AAA /* LaunchScreen.storyboard in Resources */,
				EEAF6AE52895859000453AAA /* Assets.xcassets in Resources */,
				EEAF6AE32895858D00453AAA /* Main.storyboard in Resources */,
			);
			runOnlyForDeploymentPostprocessing = 0;
		};
/* End PBXResourcesBuildPhase section */

/* Begin PBXShellScriptBuildPhase section */
		1DF2CB4C82FE089F5E80CC75 /* [CP] Check Pods Manifest.lock */ = {
			isa = PBXShellScriptBuildPhase;
			buildActionMask = 2147483647;
			files = (
			);
			inputFileListPaths = (
			);
			inputPaths = (
				"${PODS_PODFILE_DIR_PATH}/Podfile.lock",
				"${PODS_ROOT}/Manifest.lock",
			);
			name = "[CP] Check Pods Manifest.lock";
			outputFileListPaths = (
			);
			outputPaths = (
				"$(DERIVED_FILE_DIR)/Pods-InstagramChallenge-checkManifestLockResult.txt",
			);
			runOnlyForDeploymentPostprocessing = 0;
			shellPath = /bin/sh;
			shellScript = "diff \"${PODS_PODFILE_DIR_PATH}/Podfile.lock\" \"${PODS_ROOT}/Manifest.lock\" > /dev/null\nif [ $? != 0 ] ; then\n    # print error to STDERR\n    echo \"error: The sandbox is not in sync with the Podfile.lock. Run 'pod install' or update your CocoaPods installation.\" >&2\n    exit 1\nfi\n# This output is used by Xcode 'outputs' to avoid re-running this script phase.\necho \"SUCCESS\" > \"${SCRIPT_OUTPUT_FILE_0}\"\n";
			showEnvVarsInLog = 0;
		};
		42DD8039E6A417CEE0F0E881 /* [CP] Embed Pods Frameworks */ = {
			isa = PBXShellScriptBuildPhase;
			buildActionMask = 2147483647;
			files = (
			);
			inputFileListPaths = (
				"${PODS_ROOT}/Target Support Files/Pods-InstagramChallenge/Pods-InstagramChallenge-frameworks-${CONFIGURATION}-input-files.xcfilelist",
			);
			name = "[CP] Embed Pods Frameworks";
			outputFileListPaths = (
				"${PODS_ROOT}/Target Support Files/Pods-InstagramChallenge/Pods-InstagramChallenge-frameworks-${CONFIGURATION}-output-files.xcfilelist",
			);
			runOnlyForDeploymentPostprocessing = 0;
			shellPath = /bin/sh;
			shellScript = "\"${PODS_ROOT}/Target Support Files/Pods-InstagramChallenge/Pods-InstagramChallenge-frameworks.sh\"\n";
			showEnvVarsInLog = 0;
		};
/* End PBXShellScriptBuildPhase section */

/* Begin PBXSourcesBuildPhase section */
		EEAF6AD42895858D00453AAA /* Sources */ = {
			isa = PBXSourcesBuildPhase;
			buildActionMask = 2147483647;
			files = (
				EEAF6AE02895858D00453AAA /* ViewController.swift in Sources */,
				EE11DAAD28979FF500410CC0 /* SignUpMainVC.swift in Sources */,
				EEAF6ADC2895858D00453AAA /* AppDelegate.swift in Sources */,
				EE11DAA8289790B400410CC0 /* PhoneSignVC.swift in Sources */,
				EE11DAA62897905200410CC0 /* SignUpTabmanVC.swift in Sources */,
				EEE0EC8A28963E4B007ED8AA /* LoginVC.swift in Sources */,
				EEAF6ADE2895858D00453AAA /* SceneDelegate.swift in Sources */,
				EEFE505C2898F23D00B7247F /* SignUpChoiceVC.swift in Sources */,
				EE11DAAA289790BB00410CC0 /* EmailSignVC.swift in Sources */,
			);
			runOnlyForDeploymentPostprocessing = 0;
		};
/* End PBXSourcesBuildPhase section */

/* Begin PBXVariantGroup section */
		EEAF6AE12895858D00453AAA /* Main.storyboard */ = {
			isa = PBXVariantGroup;
			children = (
				EEAF6AE22895858D00453AAA /* Base */,
			);
			name = Main.storyboard;
			sourceTree = "<group>";
		};
		EEAF6AE62895859000453AAA /* LaunchScreen.storyboard */ = {
			isa = PBXVariantGroup;
			children = (
				EEAF6AE72895859000453AAA /* Base */,
			);
			name = LaunchScreen.storyboard;
			sourceTree = "<group>";
		};
/* End PBXVariantGroup section */

/* Begin XCBuildConfiguration section */
		EEAF6AEA2895859000453AAA /* Debug */ = {
			isa = XCBuildConfiguration;
			buildSettings = {
				ALWAYS_SEARCH_USER_PATHS = NO;
				CLANG_ANALYZER_NONNULL = YES;
				CLANG_ANALYZER_NUMBER_OBJECT_CONVERSION = YES_AGGRESSIVE;
				CLANG_CXX_LANGUAGE_STANDARD = "gnu++17";
				CLANG_ENABLE_MODULES = YES;
				CLANG_ENABLE_OBJC_ARC = YES;
				CLANG_ENABLE_OBJC_WEAK = YES;
				CLANG_WARN_BLOCK_CAPTURE_AUTORELEASING = YES;
				CLANG_WARN_BOOL_CONVERSION = YES;
				CLANG_WARN_COMMA = YES;
				CLANG_WARN_CONSTANT_CONVERSION = YES;
				CLANG_WARN_DEPRECATED_OBJC_IMPLEMENTATIONS = YES;
				CLANG_WARN_DIRECT_OBJC_ISA_USAGE = YES_ERROR;
				CLANG_WARN_DOCUMENTATION_COMMENTS = YES;
				CLANG_WARN_EMPTY_BODY = YES;
				CLANG_WARN_ENUM_CONVERSION = YES;
				CLANG_WARN_INFINITE_RECURSION = YES;
				CLANG_WARN_INT_CONVERSION = YES;
				CLANG_WARN_NON_LITERAL_NULL_CONVERSION = YES;
				CLANG_WARN_OBJC_IMPLICIT_RETAIN_SELF = YES;
				CLANG_WARN_OBJC_LITERAL_CONVERSION = YES;
				CLANG_WARN_OBJC_ROOT_CLASS = YES_ERROR;
				CLANG_WARN_QUOTED_INCLUDE_IN_FRAMEWORK_HEADER = YES;
				CLANG_WARN_RANGE_LOOP_ANALYSIS = YES;
				CLANG_WARN_STRICT_PROTOTYPES = YES;
				CLANG_WARN_SUSPICIOUS_MOVE = YES;
				CLANG_WARN_UNGUARDED_AVAILABILITY = YES_AGGRESSIVE;
				CLANG_WARN_UNREACHABLE_CODE = YES;
				CLANG_WARN__DUPLICATE_METHOD_MATCH = YES;
				COPY_PHASE_STRIP = NO;
				DEBUG_INFORMATION_FORMAT = dwarf;
				ENABLE_STRICT_OBJC_MSGSEND = YES;
				ENABLE_TESTABILITY = YES;
				GCC_C_LANGUAGE_STANDARD = gnu11;
				GCC_DYNAMIC_NO_PIC = NO;
				GCC_NO_COMMON_BLOCKS = YES;
				GCC_OPTIMIZATION_LEVEL = 0;
				GCC_PREPROCESSOR_DEFINITIONS = (
					"DEBUG=1",
					"$(inherited)",
				);
				GCC_WARN_64_TO_32_BIT_CONVERSION = YES;
				GCC_WARN_ABOUT_RETURN_TYPE = YES_ERROR;
				GCC_WARN_UNDECLARED_SELECTOR = YES;
				GCC_WARN_UNINITIALIZED_AUTOS = YES_AGGRESSIVE;
				GCC_WARN_UNUSED_FUNCTION = YES;
				GCC_WARN_UNUSED_VARIABLE = YES;
				IPHONEOS_DEPLOYMENT_TARGET = 15.5;
				MTL_ENABLE_DEBUG_INFO = INCLUDE_SOURCE;
				MTL_FAST_MATH = YES;
				ONLY_ACTIVE_ARCH = YES;
				SDKROOT = iphoneos;
				SWIFT_ACTIVE_COMPILATION_CONDITIONS = DEBUG;
				SWIFT_OPTIMIZATION_LEVEL = "-Onone";
			};
			name = Debug;
		};
		EEAF6AEB2895859000453AAA /* Release */ = {
			isa = XCBuildConfiguration;
			buildSettings = {
				ALWAYS_SEARCH_USER_PATHS = NO;
				CLANG_ANALYZER_NONNULL = YES;
				CLANG_ANALYZER_NUMBER_OBJECT_CONVERSION = YES_AGGRESSIVE;
				CLANG_CXX_LANGUAGE_STANDARD = "gnu++17";
				CLANG_ENABLE_MODULES = YES;
				CLANG_ENABLE_OBJC_ARC = YES;
				CLANG_ENABLE_OBJC_WEAK = YES;
				CLANG_WARN_BLOCK_CAPTURE_AUTORELEASING = YES;
				CLANG_WARN_BOOL_CONVERSION = YES;
				CLANG_WARN_COMMA = YES;
				CLANG_WARN_CONSTANT_CONVERSION = YES;
				CLANG_WARN_DEPRECATED_OBJC_IMPLEMENTATIONS = YES;
				CLANG_WARN_DIRECT_OBJC_ISA_USAGE = YES_ERROR;
				CLANG_WARN_DOCUMENTATION_COMMENTS = YES;
				CLANG_WARN_EMPTY_BODY = YES;
				CLANG_WARN_ENUM_CONVERSION = YES;
				CLANG_WARN_INFINITE_RECURSION = YES;
				CLANG_WARN_INT_CONVERSION = YES;
				CLANG_WARN_NON_LITERAL_NULL_CONVERSION = YES;
				CLANG_WARN_OBJC_IMPLICIT_RETAIN_SELF = YES;
				CLANG_WARN_OBJC_LITERAL_CONVERSION = YES;
				CLANG_WARN_OBJC_ROOT_CLASS = YES_ERROR;
				CLANG_WARN_QUOTED_INCLUDE_IN_FRAMEWORK_HEADER = YES;
				CLANG_WARN_RANGE_LOOP_ANALYSIS = YES;
				CLANG_WARN_STRICT_PROTOTYPES = YES;
				CLANG_WARN_SUSPICIOUS_MOVE = YES;
				CLANG_WARN_UNGUARDED_AVAILABILITY = YES_AGGRESSIVE;
				CLANG_WARN_UNREACHABLE_CODE = YES;
				CLANG_WARN__DUPLICATE_METHOD_MATCH = YES;
				COPY_PHASE_STRIP = NO;
				DEBUG_INFORMATION_FORMAT = "dwarf-with-dsym";
				ENABLE_NS_ASSERTIONS = NO;
				ENABLE_STRICT_OBJC_MSGSEND = YES;
				GCC_C_LANGUAGE_STANDARD = gnu11;
				GCC_NO_COMMON_BLOCKS = YES;
				GCC_WARN_64_TO_32_BIT_CONVERSION = YES;
				GCC_WARN_ABOUT_RETURN_TYPE = YES_ERROR;
				GCC_WARN_UNDECLARED_SELECTOR = YES;
				GCC_WARN_UNINITIALIZED_AUTOS = YES_AGGRESSIVE;
				GCC_WARN_UNUSED_FUNCTION = YES;
				GCC_WARN_UNUSED_VARIABLE = YES;
				IPHONEOS_DEPLOYMENT_TARGET = 15.5;
				MTL_ENABLE_DEBUG_INFO = NO;
				MTL_FAST_MATH = YES;
				SDKROOT = iphoneos;
				SWIFT_COMPILATION_MODE = wholemodule;
				SWIFT_OPTIMIZATION_LEVEL = "-O";
				VALIDATE_PRODUCT = YES;
			};
			name = Release;
		};
		EEAF6AED2895859000453AAA /* Debug */ = {
			isa = XCBuildConfiguration;
			baseConfigurationReference = BE7AC3CA5685D74ECA703734 /* Pods-InstagramChallenge.debug.xcconfig */;
			buildSettings = {
				ASSETCATALOG_COMPILER_APPICON_NAME = AppIcon;
				ASSETCATALOG_COMPILER_GLOBAL_ACCENT_COLOR_NAME = AccentColor;
				CODE_SIGN_IDENTITY = "Apple Development";
				CODE_SIGN_STYLE = Automatic;
				CURRENT_PROJECT_VERSION = 1;
				DEVELOPMENT_TEAM = FXFMS96RM6;
				GENERATE_INFOPLIST_FILE = YES;
				INFOPLIST_FILE = InstagramChallenge/Info.plist;
				INFOPLIST_KEY_UIApplicationSupportsIndirectInputEvents = YES;
				INFOPLIST_KEY_UILaunchStoryboardName = Main;
				INFOPLIST_KEY_UIMainStoryboardFile = Main;
				INFOPLIST_KEY_UISupportedInterfaceOrientations = UIInterfaceOrientationPortrait;
				INFOPLIST_KEY_UISupportedInterfaceOrientations_iPad = "UIInterfaceOrientationPortrait UIInterfaceOrientationPortraitUpsideDown UIInterfaceOrientationLandscapeLeft UIInterfaceOrientationLandscapeRight";
				INFOPLIST_KEY_UISupportedInterfaceOrientations_iPhone = "UIInterfaceOrientationPortrait UIInterfaceOrientationLandscapeLeft UIInterfaceOrientationLandscapeRight";
				IPHONEOS_DEPLOYMENT_TARGET = 14.0;
				LD_RUNPATH_SEARCH_PATHS = (
					"$(inherited)",
					"@executable_path/Frameworks",
				);
				MARKETING_VERSION = 1.0;
				PRODUCT_BUNDLE_IDENTIFIER = com.softsquared.gridgeTest.ios.InstagraChallenge;
				PRODUCT_NAME = "$(TARGET_NAME)";
				PROVISIONING_PROFILE_SPECIFIER = "";
				SWIFT_EMIT_LOC_STRINGS = YES;
				SWIFT_VERSION = 5.0;
				TARGETED_DEVICE_FAMILY = 1;
			};
			name = Debug;
		};
		EEAF6AEE2895859000453AAA /* Release */ = {
			isa = XCBuildConfiguration;
			baseConfigurationReference = 230240CB4F64DD69035DACFE /* Pods-InstagramChallenge.release.xcconfig */;
			buildSettings = {
				ASSETCATALOG_COMPILER_APPICON_NAME = AppIcon;
				ASSETCATALOG_COMPILER_GLOBAL_ACCENT_COLOR_NAME = AccentColor;
				CODE_SIGN_STYLE = Automatic;
				CURRENT_PROJECT_VERSION = 1;
				DEVELOPMENT_TEAM = FXFMS96RM6;
				GENERATE_INFOPLIST_FILE = YES;
				INFOPLIST_FILE = InstagramChallenge/Info.plist;
				INFOPLIST_KEY_UIApplicationSupportsIndirectInputEvents = YES;
				INFOPLIST_KEY_UILaunchStoryboardName = Main;
				INFOPLIST_KEY_UIMainStoryboardFile = Main;
				INFOPLIST_KEY_UISupportedInterfaceOrientations = UIInterfaceOrientationPortrait;
				INFOPLIST_KEY_UISupportedInterfaceOrientations_iPad = "UIInterfaceOrientationPortrait UIInterfaceOrientationPortraitUpsideDown UIInterfaceOrientationLandscapeLeft UIInterfaceOrientationLandscapeRight";
				INFOPLIST_KEY_UISupportedInterfaceOrientations_iPhone = "UIInterfaceOrientationPortrait UIInterfaceOrientationLandscapeLeft UIInterfaceOrientationLandscapeRight";
				IPHONEOS_DEPLOYMENT_TARGET = 14.0;
				LD_RUNPATH_SEARCH_PATHS = (
					"$(inherited)",
					"@executable_path/Frameworks",
				);
				MARKETING_VERSION = 1.0;
				PRODUCT_BUNDLE_IDENTIFIER = com.softsquared.gridgeTest.ios.InstagraChallenge;
				PRODUCT_NAME = "$(TARGET_NAME)";
				SWIFT_EMIT_LOC_STRINGS = YES;
				SWIFT_VERSION = 5.0;
				TARGETED_DEVICE_FAMILY = 1;
			};
			name = Release;
		};
/* End XCBuildConfiguration section */

/* Begin XCConfigurationList section */
		EEAF6AD32895858D00453AAA /* Build configuration list for PBXProject "InstagramChallenge" */ = {
			isa = XCConfigurationList;
			buildConfigurations = (
				EEAF6AEA2895859000453AAA /* Debug */,
				EEAF6AEB2895859000453AAA /* Release */,
			);
			defaultConfigurationIsVisible = 0;
			defaultConfigurationName = Release;
		};
		EEAF6AEC2895859000453AAA /* Build configuration list for PBXNativeTarget "InstagramChallenge" */ = {
			isa = XCConfigurationList;
			buildConfigurations = (
				EEAF6AED2895859000453AAA /* Debug */,
				EEAF6AEE2895859000453AAA /* Release */,
			);
			defaultConfigurationIsVisible = 0;
			defaultConfigurationName = Release;
		};
/* End XCConfigurationList section */
	};
	rootObject = EEAF6AD02895858D00453AAA /* Project object */;
}
