// !$*UTF8*$!
{
	archiveVersion = 1;
	classes = {
	};
	objectVersion = 55;
	objects = {

/* Begin PBXBuildFile section */
		DF6A8443F435A60E0A8C41CB /* Pods_InstagramChallenge.framework in Frameworks */ = {isa = PBXBuildFile; fileRef = E4E5E42D3F9B3F6D44B5528B /* Pods_InstagramChallenge.framework */; };
		EE11DAA62897905200410CC0 /* SignUpTabmanVC.swift in Sources */ = {isa = PBXBuildFile; fileRef = EE11DAA52897905200410CC0 /* SignUpTabmanVC.swift */; };
		EE11DAA8289790B400410CC0 /* PhoneSignVC.swift in Sources */ = {isa = PBXBuildFile; fileRef = EE11DAA7289790B400410CC0 /* PhoneSignVC.swift */; };
		EE11DAAA289790BB00410CC0 /* EmailSignVC.swift in Sources */ = {isa = PBXBuildFile; fileRef = EE11DAA9289790BB00410CC0 /* EmailSignVC.swift */; };
		EE11DAAD28979FF500410CC0 /* SignUpMainVC.swift in Sources */ = {isa = PBXBuildFile; fileRef = EE11DAAC28979FF500410CC0 /* SignUpMainVC.swift */; };
		EE2FF7F1289A4455000349E1 /* TextField+.swift in Sources */ = {isa = PBXBuildFile; fileRef = EE2FF7F0289A4455000349E1 /* TextField+.swift */; };
		EE2FF7F3289A44A4000349E1 /* InputNameVC.swift in Sources */ = {isa = PBXBuildFile; fileRef = EE2FF7F2289A44A4000349E1 /* InputNameVC.swift */; };
		EE2FF7F5289A44CF000349E1 /* InputPasswordVC.swift in Sources */ = {isa = PBXBuildFile; fileRef = EE2FF7F4289A44CF000349E1 /* InputPasswordVC.swift */; };
		EE2FF7F7289A44F5000349E1 /* InputBirthVC.swift in Sources */ = {isa = PBXBuildFile; fileRef = EE2FF7F6289A44F5000349E1 /* InputBirthVC.swift */; };
		EE37196D289B66CC009839BA /* AgreeTermsVC.swift in Sources */ = {isa = PBXBuildFile; fileRef = EE37196C289B66CC009839BA /* AgreeTermsVC.swift */; };
		EE37196F289B670F009839BA /* CreateNameVC.swift in Sources */ = {isa = PBXBuildFile; fileRef = EE37196E289B670F009839BA /* CreateNameVC.swift */; };
		EE371971289B6760009839BA /* FinalSignupVC.swift in Sources */ = {isa = PBXBuildFile; fileRef = EE371970289B6760009839BA /* FinalSignupVC.swift */; };
		EE8E7352289E34E70090CE23 /* UIButton+.swift in Sources */ = {isa = PBXBuildFile; fileRef = EE8E7351289E34E70090CE23 /* UIButton+.swift */; };
		EE8E7359289E36D40090CE23 /* HomeVC.swift in Sources */ = {isa = PBXBuildFile; fileRef = EE8E7358289E36D40090CE23 /* HomeVC.swift */; };
		EE8E735B289E3E8B0090CE23 /* StoryCell.swift in Sources */ = {isa = PBXBuildFile; fileRef = EE8E735A289E3E8B0090CE23 /* StoryCell.swift */; };
		EE8E735D289E53C50090CE23 /* UIViewController+.swift in Sources */ = {isa = PBXBuildFile; fileRef = EE8E735C289E53C50090CE23 /* UIViewController+.swift */; };
		EE8E735F289E53FB0090CE23 /* IndicatorView.swift in Sources */ = {isa = PBXBuildFile; fileRef = EE8E735E289E53FB0090CE23 /* IndicatorView.swift */; };
		EEAF6ADC2895858D00453AAA /* AppDelegate.swift in Sources */ = {isa = PBXBuildFile; fileRef = EEAF6ADB2895858D00453AAA /* AppDelegate.swift */; };
		EEAF6ADE2895858D00453AAA /* SceneDelegate.swift in Sources */ = {isa = PBXBuildFile; fileRef = EEAF6ADD2895858D00453AAA /* SceneDelegate.swift */; };
		EEAF6AE02895858D00453AAA /* ViewController.swift in Sources */ = {isa = PBXBuildFile; fileRef = EEAF6ADF2895858D00453AAA /* ViewController.swift */; };
		EEAF6AE32895858D00453AAA /* Start.storyboard in Resources */ = {isa = PBXBuildFile; fileRef = EEAF6AE12895858D00453AAA /* Start.storyboard */; };
		EEAF6AE52895859000453AAA /* Assets.xcassets in Resources */ = {isa = PBXBuildFile; fileRef = EEAF6AE42895859000453AAA /* Assets.xcassets */; };
		EEAF6AE82895859000453AAA /* LaunchScreen.storyboard in Resources */ = {isa = PBXBuildFile; fileRef = EEAF6AE62895859000453AAA /* LaunchScreen.storyboard */; };
		EEB89671289A323700614E0C /* InputCodeVC.swift in Sources */ = {isa = PBXBuildFile; fileRef = EEB89670289A323700614E0C /* InputCodeVC.swift */; };
		EEB89D7B289B863D002F63B8 /* PrivateKey.swift in Sources */ = {isa = PBXBuildFile; fileRef = EEB89D7A289B863D002F63B8 /* PrivateKey.swift */; };
		EEB89D7E289B88D5002F63B8 /* SignupDataManager.swift in Sources */ = {isa = PBXBuildFile; fileRef = EEB89D7D289B88D5002F63B8 /* SignupDataManager.swift */; };
		EEB89D80289B899E002F63B8 /* SignupRequest.swift in Sources */ = {isa = PBXBuildFile; fileRef = EEB89D7F289B899E002F63B8 /* SignupRequest.swift */; };
		EEB89D82289B8C26002F63B8 /* SignupResponse.swift in Sources */ = {isa = PBXBuildFile; fileRef = EEB89D81289B8C26002F63B8 /* SignupResponse.swift */; };
		EEB89D86289B98FA002F63B8 /* CheckDupIdResponse.swift in Sources */ = {isa = PBXBuildFile; fileRef = EEB89D85289B98FA002F63B8 /* CheckDupIdResponse.swift */; };
		EEB89D88289BA5A4002F63B8 /* LoginDataManager.swift in Sources */ = {isa = PBXBuildFile; fileRef = EEB89D87289BA5A4002F63B8 /* LoginDataManager.swift */; };
		EED2F0F1289E108300F008BD /* FeedCell.swift in Sources */ = {isa = PBXBuildFile; fileRef = EED2F0F0289E108300F008BD /* FeedCell.swift */; };
		EED3F0CD289BE86C005E9C7C /* LoginRequest.swift in Sources */ = {isa = PBXBuildFile; fileRef = EED3F0CC289BE86C005E9C7C /* LoginRequest.swift */; };
		EED3F0CF289BE8E0005E9C7C /* LoginResponse.swift in Sources */ = {isa = PBXBuildFile; fileRef = EED3F0CE289BE8E0005E9C7C /* LoginResponse.swift */; };
		EED3F0D1289BEE0F005E9C7C /* Main.storyboard in Resources */ = {isa = PBXBuildFile; fileRef = EED3F0D0289BEE0F005E9C7C /* Main.storyboard */; };
		EEE0AF82289E6750000143FB /* HomeDataManager.swift in Sources */ = {isa = PBXBuildFile; fileRef = EEE0AF81289E6750000143FB /* HomeDataManager.swift */; };
		EEE0AF88289E67F1000143FB /* FeedResponse.swift in Sources */ = {isa = PBXBuildFile; fileRef = EEE0AF87289E67F1000143FB /* FeedResponse.swift */; };
		EEE0AF8A289E7863000143FB /* PostImageCell.swift in Sources */ = {isa = PBXBuildFile; fileRef = EEE0AF89289E7863000143FB /* PostImageCell.swift */; };
		EEE0AF8C289E84EF000143FB /* ImageManager.swift in Sources */ = {isa = PBXBuildFile; fileRef = EEE0AF8B289E84EF000143FB /* ImageManager.swift */; };
		EEE0EC8A28963E4B007ED8AA /* LoginVC.swift in Sources */ = {isa = PBXBuildFile; fileRef = EEE0EC8928963E4B007ED8AA /* LoginVC.swift */; };
		EEE6E95E289E5F26005832E8 /* TokenManager.swift in Sources */ = {isa = PBXBuildFile; fileRef = EEE6E95D289E5F26005832E8 /* TokenManager.swift */; };
		EEFE505C2898F23D00B7247F /* SignUpChoiceVC.swift in Sources */ = {isa = PBXBuildFile; fileRef = EEFE505B2898F23D00B7247F /* SignUpChoiceVC.swift */; };
/* End PBXBuildFile section */

/* Begin PBXFileReference section */
		230240CB4F64DD69035DACFE /* Pods-InstagramChallenge.release.xcconfig */ = {isa = PBXFileReference; includeInIndex = 1; lastKnownFileType = text.xcconfig; name = "Pods-InstagramChallenge.release.xcconfig"; path = "Target Support Files/Pods-InstagramChallenge/Pods-InstagramChallenge.release.xcconfig"; sourceTree = "<group>"; };
		BE7AC3CA5685D74ECA703734 /* Pods-InstagramChallenge.debug.xcconfig */ = {isa = PBXFileReference; includeInIndex = 1; lastKnownFileType = text.xcconfig; name = "Pods-InstagramChallenge.debug.xcconfig"; path = "Target Support Files/Pods-InstagramChallenge/Pods-InstagramChallenge.debug.xcconfig"; sourceTree = "<group>"; };
		E4E5E42D3F9B3F6D44B5528B /* Pods_InstagramChallenge.framework */ = {isa = PBXFileReference; explicitFileType = wrapper.framework; includeInIndex = 0; path = Pods_InstagramChallenge.framework; sourceTree = BUILT_PRODUCTS_DIR; };
		EE11DAA52897905200410CC0 /* SignUpTabmanVC.swift */ = {isa = PBXFileReference; lastKnownFileType = sourcecode.swift; path = SignUpTabmanVC.swift; sourceTree = "<group>"; };
		EE11DAA7289790B400410CC0 /* PhoneSignVC.swift */ = {isa = PBXFileReference; lastKnownFileType = sourcecode.swift; path = PhoneSignVC.swift; sourceTree = "<group>"; };
		EE11DAA9289790BB00410CC0 /* EmailSignVC.swift */ = {isa = PBXFileReference; lastKnownFileType = sourcecode.swift; path = EmailSignVC.swift; sourceTree = "<group>"; };
		EE11DAAC28979FF500410CC0 /* SignUpMainVC.swift */ = {isa = PBXFileReference; lastKnownFileType = sourcecode.swift; path = SignUpMainVC.swift; sourceTree = "<group>"; };
		EE2FF7F0289A4455000349E1 /* TextField+.swift */ = {isa = PBXFileReference; lastKnownFileType = sourcecode.swift; path = "TextField+.swift"; sourceTree = "<group>"; };
		EE2FF7F2289A44A4000349E1 /* InputNameVC.swift */ = {isa = PBXFileReference; lastKnownFileType = sourcecode.swift; path = InputNameVC.swift; sourceTree = "<group>"; };
		EE2FF7F4289A44CF000349E1 /* InputPasswordVC.swift */ = {isa = PBXFileReference; lastKnownFileType = sourcecode.swift; path = InputPasswordVC.swift; sourceTree = "<group>"; };
		EE2FF7F6289A44F5000349E1 /* InputBirthVC.swift */ = {isa = PBXFileReference; lastKnownFileType = sourcecode.swift; path = InputBirthVC.swift; sourceTree = "<group>"; };
		EE37196C289B66CC009839BA /* AgreeTermsVC.swift */ = {isa = PBXFileReference; lastKnownFileType = sourcecode.swift; path = AgreeTermsVC.swift; sourceTree = "<group>"; };
		EE37196E289B670F009839BA /* CreateNameVC.swift */ = {isa = PBXFileReference; lastKnownFileType = sourcecode.swift; path = CreateNameVC.swift; sourceTree = "<group>"; };
		EE371970289B6760009839BA /* FinalSignupVC.swift */ = {isa = PBXFileReference; lastKnownFileType = sourcecode.swift; path = FinalSignupVC.swift; sourceTree = "<group>"; };
		EE8E7351289E34E70090CE23 /* UIButton+.swift */ = {isa = PBXFileReference; lastKnownFileType = sourcecode.swift; path = "UIButton+.swift"; sourceTree = "<group>"; };
		EE8E7358289E36D40090CE23 /* HomeVC.swift */ = {isa = PBXFileReference; lastKnownFileType = sourcecode.swift; path = HomeVC.swift; sourceTree = "<group>"; };
		EE8E735A289E3E8B0090CE23 /* StoryCell.swift */ = {isa = PBXFileReference; lastKnownFileType = sourcecode.swift; path = StoryCell.swift; sourceTree = "<group>"; };
		EE8E735C289E53C50090CE23 /* UIViewController+.swift */ = {isa = PBXFileReference; lastKnownFileType = sourcecode.swift; path = "UIViewController+.swift"; sourceTree = "<group>"; };
		EE8E735E289E53FB0090CE23 /* IndicatorView.swift */ = {isa = PBXFileReference; lastKnownFileType = sourcecode.swift; path = IndicatorView.swift; sourceTree = "<group>"; };
		EEAF6AD82895858D00453AAA /* InstagramChallenge.app */ = {isa = PBXFileReference; explicitFileType = wrapper.application; includeInIndex = 0; path = InstagramChallenge.app; sourceTree = BUILT_PRODUCTS_DIR; };
		EEAF6ADB2895858D00453AAA /* AppDelegate.swift */ = {isa = PBXFileReference; lastKnownFileType = sourcecode.swift; path = AppDelegate.swift; sourceTree = "<group>"; };
		EEAF6ADD2895858D00453AAA /* SceneDelegate.swift */ = {isa = PBXFileReference; lastKnownFileType = sourcecode.swift; path = SceneDelegate.swift; sourceTree = "<group>"; };
		EEAF6ADF2895858D00453AAA /* ViewController.swift */ = {isa = PBXFileReference; lastKnownFileType = sourcecode.swift; path = ViewController.swift; sourceTree = "<group>"; };
		EEAF6AE22895858D00453AAA /* Base */ = {isa = PBXFileReference; lastKnownFileType = file.storyboard; name = Base; path = Base.lproj/Start.storyboard; sourceTree = "<group>"; };
		EEAF6AE42895859000453AAA /* Assets.xcassets */ = {isa = PBXFileReference; lastKnownFileType = folder.assetcatalog; path = Assets.xcassets; sourceTree = "<group>"; };
		EEAF6AE72895859000453AAA /* Base */ = {isa = PBXFileReference; lastKnownFileType = file.storyboard; name = Base; path = Base.lproj/LaunchScreen.storyboard; sourceTree = "<group>"; };
		EEAF6AE92895859000453AAA /* Info.plist */ = {isa = PBXFileReference; lastKnownFileType = text.plist.xml; path = Info.plist; sourceTree = "<group>"; };
		EEB89670289A323700614E0C /* InputCodeVC.swift */ = {isa = PBXFileReference; lastKnownFileType = sourcecode.swift; path = InputCodeVC.swift; sourceTree = "<group>"; };
		EEB89D7A289B863D002F63B8 /* PrivateKey.swift */ = {isa = PBXFileReference; lastKnownFileType = sourcecode.swift; path = PrivateKey.swift; sourceTree = "<group>"; };
		EEB89D7D289B88D5002F63B8 /* SignupDataManager.swift */ = {isa = PBXFileReference; lastKnownFileType = sourcecode.swift; path = SignupDataManager.swift; sourceTree = "<group>"; };
		EEB89D7F289B899E002F63B8 /* SignupRequest.swift */ = {isa = PBXFileReference; lastKnownFileType = sourcecode.swift; path = SignupRequest.swift; sourceTree = "<group>"; };
		EEB89D81289B8C26002F63B8 /* SignupResponse.swift */ = {isa = PBXFileReference; lastKnownFileType = sourcecode.swift; path = SignupResponse.swift; sourceTree = "<group>"; };
		EEB89D85289B98FA002F63B8 /* CheckDupIdResponse.swift */ = {isa = PBXFileReference; lastKnownFileType = sourcecode.swift; path = CheckDupIdResponse.swift; sourceTree = "<group>"; };
		EEB89D87289BA5A4002F63B8 /* LoginDataManager.swift */ = {isa = PBXFileReference; lastKnownFileType = sourcecode.swift; path = LoginDataManager.swift; sourceTree = "<group>"; };
		EED2F0F0289E108300F008BD /* FeedCell.swift */ = {isa = PBXFileReference; lastKnownFileType = sourcecode.swift; path = FeedCell.swift; sourceTree = "<group>"; };
		EED3F0CC289BE86C005E9C7C /* LoginRequest.swift */ = {isa = PBXFileReference; lastKnownFileType = sourcecode.swift; path = LoginRequest.swift; sourceTree = "<group>"; };
		EED3F0CE289BE8E0005E9C7C /* LoginResponse.swift */ = {isa = PBXFileReference; lastKnownFileType = sourcecode.swift; path = LoginResponse.swift; sourceTree = "<group>"; };
		EED3F0D0289BEE0F005E9C7C /* Main.storyboard */ = {isa = PBXFileReference; lastKnownFileType = file.storyboard; path = Main.storyboard; sourceTree = "<group>"; };
		EEE0AF81289E6750000143FB /* HomeDataManager.swift */ = {isa = PBXFileReference; lastKnownFileType = sourcecode.swift; path = HomeDataManager.swift; sourceTree = "<group>"; };
		EEE0AF87289E67F1000143FB /* FeedResponse.swift */ = {isa = PBXFileReference; lastKnownFileType = sourcecode.swift; path = FeedResponse.swift; sourceTree = "<group>"; };
		EEE0AF89289E7863000143FB /* PostImageCell.swift */ = {isa = PBXFileReference; lastKnownFileType = sourcecode.swift; path = PostImageCell.swift; sourceTree = "<group>"; };
		EEE0AF8B289E84EF000143FB /* ImageManager.swift */ = {isa = PBXFileReference; lastKnownFileType = sourcecode.swift; path = ImageManager.swift; sourceTree = "<group>"; };
		EEE0EC8928963E4B007ED8AA /* LoginVC.swift */ = {isa = PBXFileReference; lastKnownFileType = sourcecode.swift; path = LoginVC.swift; sourceTree = "<group>"; };
		EEE6E95D289E5F26005832E8 /* TokenManager.swift */ = {isa = PBXFileReference; lastKnownFileType = sourcecode.swift; path = TokenManager.swift; sourceTree = "<group>"; };
		EEFE505B2898F23D00B7247F /* SignUpChoiceVC.swift */ = {isa = PBXFileReference; lastKnownFileType = sourcecode.swift; path = SignUpChoiceVC.swift; sourceTree = "<group>"; };
/* End PBXFileReference section */

/* Begin PBXFrameworksBuildPhase section */
		EEAF6AD52895858D00453AAA /* Frameworks */ = {
			isa = PBXFrameworksBuildPhase;
			buildActionMask = 2147483647;
			files = (
				DF6A8443F435A60E0A8C41CB /* Pods_InstagramChallenge.framework in Frameworks */,
			);
			runOnlyForDeploymentPostprocessing = 0;
		};
/* End PBXFrameworksBuildPhase section */

/* Begin PBXGroup section */
		9F7383C6C4482FF5CC94A9EC /* Pods */ = {
			isa = PBXGroup;
			children = (
				BE7AC3CA5685D74ECA703734 /* Pods-InstagramChallenge.debug.xcconfig */,
				230240CB4F64DD69035DACFE /* Pods-InstagramChallenge.release.xcconfig */,
			);
			path = Pods;
			sourceTree = "<group>";
		};
		EE11DAA42897901F00410CC0 /* SignUpScene */ = {
			isa = PBXGroup;
			children = (
				EEB8966F289A321900614E0C /* InputScene */,
				EE11DAA52897905200410CC0 /* SignUpTabmanVC.swift */,
				EE11DAA7289790B400410CC0 /* PhoneSignVC.swift */,
				EE11DAA9289790BB00410CC0 /* EmailSignVC.swift */,
				EE11DAAC28979FF500410CC0 /* SignUpMainVC.swift */,
				EEFE505B2898F23D00B7247F /* SignUpChoiceVC.swift */,
			);
			path = SignUpScene;
			sourceTree = "<group>";
		};
		EE2FF7EE289A43F6000349E1 /* Util */ = {
			isa = PBXGroup;
			children = (
				EE2FF7EF289A4442000349E1 /* Extension */,
				EE8E735E289E53FB0090CE23 /* IndicatorView.swift */,
				EEE6E95D289E5F26005832E8 /* TokenManager.swift */,
				EEE0AF8B289E84EF000143FB /* ImageManager.swift */,
			);
			path = Util;
			sourceTree = "<group>";
		};
		EE2FF7EF289A4442000349E1 /* Extension */ = {
			isa = PBXGroup;
			children = (
				EE2FF7F0289A4455000349E1 /* TextField+.swift */,
				EE8E7351289E34E70090CE23 /* UIButton+.swift */,
				EE8E735C289E53C50090CE23 /* UIViewController+.swift */,
			);
			path = Extension;
			sourceTree = "<group>";
		};
		EE8E7356289E36A80090CE23 /* Main */ = {
			isa = PBXGroup;
			children = (
				EE8E7357289E36AB0090CE23 /* Home */,
			);
			path = Main;
			sourceTree = "<group>";
		};
		EE8E7357289E36AB0090CE23 /* Home */ = {
			isa = PBXGroup;
			children = (
				EE8E7358289E36D40090CE23 /* HomeVC.swift */,
			);
			path = Home;
			sourceTree = "<group>";
		};
		EEAF6ACF2895858D00453AAA = {
			isa = PBXGroup;
			children = (
				EEAF6ADA2895858D00453AAA /* InstagramChallenge */,
				EEAF6AD92895858D00453AAA /* Products */,
				9F7383C6C4482FF5CC94A9EC /* Pods */,
				F39BED1A512EE3444D3E9671 /* Frameworks */,
			);
			sourceTree = "<group>";
		};
		EEAF6AD92895858D00453AAA /* Products */ = {
			isa = PBXGroup;
			children = (
				EEAF6AD82895858D00453AAA /* InstagramChallenge.app */,
			);
			name = Products;
			sourceTree = "<group>";
		};
		EEAF6ADA2895858D00453AAA /* InstagramChallenge */ = {
			isa = PBXGroup;
			children = (
				EE2FF7EE289A43F6000349E1 /* Util */,
				EEAF6AF3289586CA00453AAA /* Model */,
				EEAF6AF2289586C100453AAA /* Controller */,
				EEAF6AEF2895869E00453AAA /* View */,
				EEAF6ADB2895858D00453AAA /* AppDelegate.swift */,
				EEAF6ADD2895858D00453AAA /* SceneDelegate.swift */,
				EEAF6AE42895859000453AAA /* Assets.xcassets */,
				EEAF6AE62895859000453AAA /* LaunchScreen.storyboard */,
				EEAF6AE92895859000453AAA /* Info.plist */,
				EEB89D7A289B863D002F63B8 /* PrivateKey.swift */,
			);
			path = InstagramChallenge;
			sourceTree = "<group>";
		};
		EEAF6AEF2895869E00453AAA /* View */ = {
			isa = PBXGroup;
			children = (
				EED2F0EE289E104200F008BD /* Cell */,
				EEAF6AE12895858D00453AAA /* Start.storyboard */,
				EED3F0D0289BEE0F005E9C7C /* Main.storyboard */,
			);
			path = View;
			sourceTree = "<group>";
		};
		EEAF6AF2289586C100453AAA /* Controller */ = {
			isa = PBXGroup;
			children = (
				EE8E7356289E36A80090CE23 /* Main */,
				EEE0EC8B28964943007ED8AA /* LoginScene */,
			);
			path = Controller;
			sourceTree = "<group>";
		};
		EEAF6AF3289586CA00453AAA /* Model */ = {
			isa = PBXGroup;
			children = (
				EEB89D75289B81DE002F63B8 /* DataManager */,
			);
			path = Model;
			sourceTree = "<group>";
		};
		EEB8966F289A321900614E0C /* InputScene */ = {
			isa = PBXGroup;
			children = (
				EEB89670289A323700614E0C /* InputCodeVC.swift */,
				EE2FF7F2289A44A4000349E1 /* InputNameVC.swift */,
				EE2FF7F4289A44CF000349E1 /* InputPasswordVC.swift */,
				EE2FF7F6289A44F5000349E1 /* InputBirthVC.swift */,
				EE37196C289B66CC009839BA /* AgreeTermsVC.swift */,
				EE37196E289B670F009839BA /* CreateNameVC.swift */,
				EE371970289B6760009839BA /* FinalSignupVC.swift */,
			);
			path = InputScene;
			sourceTree = "<group>";
		};
		EEB89D75289B81DE002F63B8 /* DataManager */ = {
			isa = PBXGroup;
			children = (
				EEE0AF80289E663B000143FB /* HomeDataManager */,
				EEB89D7C289B88C0002F63B8 /* SignupDataManager */,
				EEB89D79289B8242002F63B8 /* LoginDataManager */,
			);
			path = DataManager;
			sourceTree = "<group>";
		};
		EEB89D77289B81F6002F63B8 /* Entity */ = {
			isa = PBXGroup;
			children = (
				EEB89D7F289B899E002F63B8 /* SignupRequest.swift */,
				EEB89D81289B8C26002F63B8 /* SignupResponse.swift */,
				EEB89D85289B98FA002F63B8 /* CheckDupIdResponse.swift */,
			);
			path = Entity;
			sourceTree = "<group>";
		};
		EEB89D79289B8242002F63B8 /* LoginDataManager */ = {
			isa = PBXGroup;
			children = (
				EED3F0CB289BE858005E9C7C /* Entity */,
				EEB89D87289BA5A4002F63B8 /* LoginDataManager.swift */,
			);
			path = LoginDataManager;
			sourceTree = "<group>";
		};
		EEB89D7C289B88C0002F63B8 /* SignupDataManager */ = {
			isa = PBXGroup;
			children = (
				EEB89D77289B81F6002F63B8 /* Entity */,
				EEB89D7D289B88D5002F63B8 /* SignupDataManager.swift */,
			);
			path = SignupDataManager;
			sourceTree = "<group>";
		};
		EED2F0EE289E104200F008BD /* Cell */ = {
			isa = PBXGroup;
			children = (
				EED2F0EF289E105400F008BD /* homeCell */,
			);
			path = Cell;
			sourceTree = "<group>";
		};
		EED2F0EF289E105400F008BD /* homeCell */ = {
			isa = PBXGroup;
			children = (
				EED2F0F0289E108300F008BD /* FeedCell.swift */,
				EE8E735A289E3E8B0090CE23 /* StoryCell.swift */,
				EEE0AF89289E7863000143FB /* PostImageCell.swift */,
			);
			path = homeCell;
			sourceTree = "<group>";
		};
		EED3F0CB289BE858005E9C7C /* Entity */ = {
			isa = PBXGroup;
			children = (
				EED3F0CC289BE86C005E9C7C /* LoginRequest.swift */,
				EED3F0CE289BE8E0005E9C7C /* LoginResponse.swift */,
			);
			path = Entity;
			sourceTree = "<group>";
		};
		EEE0AF80289E663B000143FB /* HomeDataManager */ = {
			isa = PBXGroup;
			children = (
				EEE0AF85289E6773000143FB /* Entity */,
				EEE0AF81289E6750000143FB /* HomeDataManager.swift */,
			);
			path = HomeDataManager;
			sourceTree = "<group>";
		};
		EEE0AF85289E6773000143FB /* Entity */ = {
			isa = PBXGroup;
			children = (
				EEE0AF87289E67F1000143FB /* FeedResponse.swift */,
			);
			path = Entity;
			sourceTree = "<group>";
		};
		EEE0EC8B28964943007ED8AA /* LoginScene */ = {
			isa = PBXGroup;
			children = (
				EE11DAA42897901F00410CC0 /* SignUpScene */,
				EEE0EC8C28964956007ED8AA /* Dialog */,
				EEAF6ADF2895858D00453AAA /* ViewController.swift */,
				EEE0EC8928963E4B007ED8AA /* LoginVC.swift */,
			);
			path = LoginScene;
			sourceTree = "<group>";
		};
		EEE0EC8C28964956007ED8AA /* Dialog */ = {
			isa = PBXGroup;
			children = (
			);
			path = Dialog;
			sourceTree = "<group>";
		};
		F39BED1A512EE3444D3E9671 /* Frameworks */ = {
			isa = PBXGroup;
			children = (
				E4E5E42D3F9B3F6D44B5528B /* Pods_InstagramChallenge.framework */,
			);
			name = Frameworks;
			sourceTree = "<group>";
		};
/* End PBXGroup section */

/* Begin PBXNativeTarget section */
		EEAF6AD72895858D00453AAA /* InstagramChallenge */ = {
			isa = PBXNativeTarget;
			buildConfigurationList = EEAF6AEC2895859000453AAA /* Build configuration list for PBXNativeTarget "InstagramChallenge" */;
			buildPhases = (
				1DF2CB4C82FE089F5E80CC75 /* [CP] Check Pods Manifest.lock */,
				EEAF6AD42895858D00453AAA /* Sources */,
				EEAF6AD52895858D00453AAA /* Frameworks */,
				EEAF6AD62895858D00453AAA /* Resources */,
				42DD8039E6A417CEE0F0E881 /* [CP] Embed Pods Frameworks */,
			);
			buildRules = (
			);
			dependencies = (
			);
			name = InstagramChallenge;
			productName = InstagramChallenge;
			productReference = EEAF6AD82895858D00453AAA /* InstagramChallenge.app */;
			productType = "com.apple.product-type.application";
		};
/* End PBXNativeTarget section */

/* Begin PBXProject section */
		EEAF6AD02895858D00453AAA /* Project object */ = {
			isa = PBXProject;
			attributes = {
				BuildIndependentTargetsInParallel = 1;
				LastSwiftUpdateCheck = 1340;
				LastUpgradeCheck = 1340;
				TargetAttributes = {
					EEAF6AD72895858D00453AAA = {
						CreatedOnToolsVersion = 13.4.1;
					};
				};
			};
			buildConfigurationList = EEAF6AD32895858D00453AAA /* Build configuration list for PBXProject "InstagramChallenge" */;
			compatibilityVersion = "Xcode 13.0";
			developmentRegion = en;
			hasScannedForEncodings = 0;
			knownRegions = (
				en,
				Base,
			);
			mainGroup = EEAF6ACF2895858D00453AAA;
			productRefGroup = EEAF6AD92895858D00453AAA /* Products */;
			projectDirPath = "";
			projectRoot = "";
			targets = (
				EEAF6AD72895858D00453AAA /* InstagramChallenge */,
			);
		};
/* End PBXProject section */

/* Begin PBXResourcesBuildPhase section */
		EEAF6AD62895858D00453AAA /* Resources */ = {
			isa = PBXResourcesBuildPhase;
			buildActionMask = 2147483647;
			files = (
				EEAF6AE82895859000453AAA /* LaunchScreen.storyboard in Resources */,
				EEAF6AE52895859000453AAA /* Assets.xcassets in Resources */,
				EEAF6AE32895858D00453AAA /* Start.storyboard in Resources */,
				EED3F0D1289BEE0F005E9C7C /* Main.storyboard in Resources */,
			);
			runOnlyForDeploymentPostprocessing = 0;
		};
/* End PBXResourcesBuildPhase section */

/* Begin PBXShellScriptBuildPhase section */
		1DF2CB4C82FE089F5E80CC75 /* [CP] Check Pods Manifest.lock */ = {
			isa = PBXShellScriptBuildPhase;
			buildActionMask = 2147483647;
			files = (
			);
			inputFileListPaths = (
			);
			inputPaths = (
				"${PODS_PODFILE_DIR_PATH}/Podfile.lock",
				"${PODS_ROOT}/Manifest.lock",
			);
			name = "[CP] Check Pods Manifest.lock";
			outputFileListPaths = (
			);
			outputPaths = (
				"$(DERIVED_FILE_DIR)/Pods-InstagramChallenge-checkManifestLockResult.txt",
			);
			runOnlyForDeploymentPostprocessing = 0;
			shellPath = /bin/sh;
			shellScript = "diff \"${PODS_PODFILE_DIR_PATH}/Podfile.lock\" \"${PODS_ROOT}/Manifest.lock\" > /dev/null\nif [ $? != 0 ] ; then\n    # print error to STDERR\n    echo \"error: The sandbox is not in sync with the Podfile.lock. Run 'pod install' or update your CocoaPods installation.\" >&2\n    exit 1\nfi\n# This output is used by Xcode 'outputs' to avoid re-running this script phase.\necho \"SUCCESS\" > \"${SCRIPT_OUTPUT_FILE_0}\"\n";
			showEnvVarsInLog = 0;
		};
		42DD8039E6A417CEE0F0E881 /* [CP] Embed Pods Frameworks */ = {
			isa = PBXShellScriptBuildPhase;
			buildActionMask = 2147483647;
			files = (
			);
			inputFileListPaths = (
				"${PODS_ROOT}/Target Support Files/Pods-InstagramChallenge/Pods-InstagramChallenge-frameworks-${CONFIGURATION}-input-files.xcfilelist",
			);
			name = "[CP] Embed Pods Frameworks";
			outputFileListPaths = (
				"${PODS_ROOT}/Target Support Files/Pods-InstagramChallenge/Pods-InstagramChallenge-frameworks-${CONFIGURATION}-output-files.xcfilelist",
			);
			runOnlyForDeploymentPostprocessing = 0;
			shellPath = /bin/sh;
			shellScript = "\"${PODS_ROOT}/Target Support Files/Pods-InstagramChallenge/Pods-InstagramChallenge-frameworks.sh\"\n";
			showEnvVarsInLog = 0;
		};
/* End PBXShellScriptBuildPhase section */

/* Begin PBXSourcesBuildPhase section */
		EEAF6AD42895858D00453AAA /* Sources */ = {
			isa = PBXSourcesBuildPhase;
			buildActionMask = 2147483647;
			files = (
				EED2F0F1289E108300F008BD /* FeedCell.swift in Sources */,
				EEE0AF82289E6750000143FB /* HomeDataManager.swift in Sources */,
				EE8E7359289E36D40090CE23 /* HomeVC.swift in Sources */,
				EEE0AF8C289E84EF000143FB /* ImageManager.swift in Sources */,
				EE8E735D289E53C50090CE23 /* UIViewController+.swift in Sources */,
				EE8E735B289E3E8B0090CE23 /* StoryCell.swift in Sources */,
				EEB89671289A323700614E0C /* InputCodeVC.swift in Sources */,
				EEAF6AE02895858D00453AAA /* ViewController.swift in Sources */,
				EEB89D86289B98FA002F63B8 /* CheckDupIdResponse.swift in Sources */,
				EE8E7352289E34E70090CE23 /* UIButton+.swift in Sources */,
				EE11DAAD28979FF500410CC0 /* SignUpMainVC.swift in Sources */,
				EEE0AF88289E67F1000143FB /* FeedResponse.swift in Sources */,
				EEE6E95E289E5F26005832E8 /* TokenManager.swift in Sources */,
				EEB89D82289B8C26002F63B8 /* SignupResponse.swift in Sources */,
				EEE0AF8A289E7863000143FB /* PostImageCell.swift in Sources */,
				EEAF6ADC2895858D00453AAA /* AppDelegate.swift in Sources */,
				EE11DAA8289790B400410CC0 /* PhoneSignVC.swift in Sources */,
				EEB89D7B289B863D002F63B8 /* PrivateKey.swift in Sources */,
				EE11DAA62897905200410CC0 /* SignUpTabmanVC.swift in Sources */,
				EE37196D289B66CC009839BA /* AgreeTermsVC.swift in Sources */,
				EEE0EC8A28963E4B007ED8AA /* LoginVC.swift in Sources */,
				EE2FF7F5289A44CF000349E1 /* InputPasswordVC.swift in Sources */,
				EE2FF7F1289A4455000349E1 /* TextField+.swift in Sources */,
				EEB89D88289BA5A4002F63B8 /* LoginDataManager.swift in Sources */,
				EED3F0CF289BE8E0005E9C7C /* LoginResponse.swift in Sources */,
				EEAF6ADE2895858D00453AAA /* SceneDelegate.swift in Sources */,
				EED3F0CD289BE86C005E9C7C /* LoginRequest.swift in Sources */,
				EE37196F289B670F009839BA /* CreateNameVC.swift in Sources */,
				EEB89D80289B899E002F63B8 /* SignupRequest.swift in Sources */,
				EE8E735F289E53FB0090CE23 /* IndicatorView.swift in Sources */,
				EE371971289B6760009839BA /* FinalSignupVC.swift in Sources */,
				EEFE505C2898F23D00B7247F /* SignUpChoiceVC.swift in Sources */,
				EE2FF7F7289A44F5000349E1 /* InputBirthVC.swift in Sources */,
				EE2FF7F3289A44A4000349E1 /* InputNameVC.swift in Sources */,
				EEB89D7E289B88D5002F63B8 /* SignupDataManager.swift in Sources */,
				EE11DAAA289790BB00410CC0 /* EmailSignVC.swift in Sources */,
			);
			runOnlyForDeploymentPostprocessing = 0;
		};
/* End PBXSourcesBuildPhase section */

/* Begin PBXVariantGroup section */
		EEAF6AE12895858D00453AAA /* Start.storyboard */ = {
			isa = PBXVariantGroup;
			children = (
				EEAF6AE22895858D00453AAA /* Base */,
			);
			name = Start.storyboard;
			sourceTree = "<group>";
		};
		EEAF6AE62895859000453AAA /* LaunchScreen.storyboard */ = {
			isa = PBXVariantGroup;
			children = (
				EEAF6AE72895859000453AAA /* Base */,
			);
			name = LaunchScreen.storyboard;
			sourceTree = "<group>";
		};
/* End PBXVariantGroup section */

/* Begin XCBuildConfiguration section */
		EEAF6AEA2895859000453AAA /* Debug */ = {
			isa = XCBuildConfiguration;
			buildSettings = {
				ALWAYS_SEARCH_USER_PATHS = NO;
				CLANG_ANALYZER_NONNULL = YES;
				CLANG_ANALYZER_NUMBER_OBJECT_CONVERSION = YES_AGGRESSIVE;
				CLANG_CXX_LANGUAGE_STANDARD = "gnu++17";
				CLANG_ENABLE_MODULES = YES;
				CLANG_ENABLE_OBJC_ARC = YES;
				CLANG_ENABLE_OBJC_WEAK = YES;
				CLANG_WARN_BLOCK_CAPTURE_AUTORELEASING = YES;
				CLANG_WARN_BOOL_CONVERSION = YES;
				CLANG_WARN_COMMA = YES;
				CLANG_WARN_CONSTANT_CONVERSION = YES;
				CLANG_WARN_DEPRECATED_OBJC_IMPLEMENTATIONS = YES;
				CLANG_WARN_DIRECT_OBJC_ISA_USAGE = YES_ERROR;
				CLANG_WARN_DOCUMENTATION_COMMENTS = YES;
				CLANG_WARN_EMPTY_BODY = YES;
				CLANG_WARN_ENUM_CONVERSION = YES;
				CLANG_WARN_INFINITE_RECURSION = YES;
				CLANG_WARN_INT_CONVERSION = YES;
				CLANG_WARN_NON_LITERAL_NULL_CONVERSION = YES;
				CLANG_WARN_OBJC_IMPLICIT_RETAIN_SELF = YES;
				CLANG_WARN_OBJC_LITERAL_CONVERSION = YES;
				CLANG_WARN_OBJC_ROOT_CLASS = YES_ERROR;
				CLANG_WARN_QUOTED_INCLUDE_IN_FRAMEWORK_HEADER = YES;
				CLANG_WARN_RANGE_LOOP_ANALYSIS = YES;
				CLANG_WARN_STRICT_PROTOTYPES = YES;
				CLANG_WARN_SUSPICIOUS_MOVE = YES;
				CLANG_WARN_UNGUARDED_AVAILABILITY = YES_AGGRESSIVE;
				CLANG_WARN_UNREACHABLE_CODE = YES;
				CLANG_WARN__DUPLICATE_METHOD_MATCH = YES;
				COPY_PHASE_STRIP = NO;
				DEBUG_INFORMATION_FORMAT = dwarf;
				ENABLE_STRICT_OBJC_MSGSEND = YES;
				ENABLE_TESTABILITY = YES;
				GCC_C_LANGUAGE_STANDARD = gnu11;
				GCC_DYNAMIC_NO_PIC = NO;
				GCC_NO_COMMON_BLOCKS = YES;
				GCC_OPTIMIZATION_LEVEL = 0;
				GCC_PREPROCESSOR_DEFINITIONS = (
					"DEBUG=1",
					"$(inherited)",
				);
				GCC_WARN_64_TO_32_BIT_CONVERSION = YES;
				GCC_WARN_ABOUT_RETURN_TYPE = YES_ERROR;
				GCC_WARN_UNDECLARED_SELECTOR = YES;
				GCC_WARN_UNINITIALIZED_AUTOS = YES_AGGRESSIVE;
				GCC_WARN_UNUSED_FUNCTION = YES;
				GCC_WARN_UNUSED_VARIABLE = YES;
				IPHONEOS_DEPLOYMENT_TARGET = 15.5;
				MTL_ENABLE_DEBUG_INFO = INCLUDE_SOURCE;
				MTL_FAST_MATH = YES;
				ONLY_ACTIVE_ARCH = YES;
				SDKROOT = iphoneos;
				SWIFT_ACTIVE_COMPILATION_CONDITIONS = DEBUG;
				SWIFT_OPTIMIZATION_LEVEL = "-Onone";
			};
			name = Debug;
		};
		EEAF6AEB2895859000453AAA /* Release */ = {
			isa = XCBuildConfiguration;
			buildSettings = {
				ALWAYS_SEARCH_USER_PATHS = NO;
				CLANG_ANALYZER_NONNULL = YES;
				CLANG_ANALYZER_NUMBER_OBJECT_CONVERSION = YES_AGGRESSIVE;
				CLANG_CXX_LANGUAGE_STANDARD = "gnu++17";
				CLANG_ENABLE_MODULES = YES;
				CLANG_ENABLE_OBJC_ARC = YES;
				CLANG_ENABLE_OBJC_WEAK = YES;
				CLANG_WARN_BLOCK_CAPTURE_AUTORELEASING = YES;
				CLANG_WARN_BOOL_CONVERSION = YES;
				CLANG_WARN_COMMA = YES;
				CLANG_WARN_CONSTANT_CONVERSION = YES;
				CLANG_WARN_DEPRECATED_OBJC_IMPLEMENTATIONS = YES;
				CLANG_WARN_DIRECT_OBJC_ISA_USAGE = YES_ERROR;
				CLANG_WARN_DOCUMENTATION_COMMENTS = YES;
				CLANG_WARN_EMPTY_BODY = YES;
				CLANG_WARN_ENUM_CONVERSION = YES;
				CLANG_WARN_INFINITE_RECURSION = YES;
				CLANG_WARN_INT_CONVERSION = YES;
				CLANG_WARN_NON_LITERAL_NULL_CONVERSION = YES;
				CLANG_WARN_OBJC_IMPLICIT_RETAIN_SELF = YES;
				CLANG_WARN_OBJC_LITERAL_CONVERSION = YES;
				CLANG_WARN_OBJC_ROOT_CLASS = YES_ERROR;
				CLANG_WARN_QUOTED_INCLUDE_IN_FRAMEWORK_HEADER = YES;
				CLANG_WARN_RANGE_LOOP_ANALYSIS = YES;
				CLANG_WARN_STRICT_PROTOTYPES = YES;
				CLANG_WARN_SUSPICIOUS_MOVE = YES;
				CLANG_WARN_UNGUARDED_AVAILABILITY = YES_AGGRESSIVE;
				CLANG_WARN_UNREACHABLE_CODE = YES;
				CLANG_WARN__DUPLICATE_METHOD_MATCH = YES;
				COPY_PHASE_STRIP = NO;
				DEBUG_INFORMATION_FORMAT = "dwarf-with-dsym";
				ENABLE_NS_ASSERTIONS = NO;
				ENABLE_STRICT_OBJC_MSGSEND = YES;
				GCC_C_LANGUAGE_STANDARD = gnu11;
				GCC_NO_COMMON_BLOCKS = YES;
				GCC_WARN_64_TO_32_BIT_CONVERSION = YES;
				GCC_WARN_ABOUT_RETURN_TYPE = YES_ERROR;
				GCC_WARN_UNDECLARED_SELECTOR = YES;
				GCC_WARN_UNINITIALIZED_AUTOS = YES_AGGRESSIVE;
				GCC_WARN_UNUSED_FUNCTION = YES;
				GCC_WARN_UNUSED_VARIABLE = YES;
				IPHONEOS_DEPLOYMENT_TARGET = 15.5;
				MTL_ENABLE_DEBUG_INFO = NO;
				MTL_FAST_MATH = YES;
				SDKROOT = iphoneos;
				SWIFT_COMPILATION_MODE = wholemodule;
				SWIFT_OPTIMIZATION_LEVEL = "-O";
				VALIDATE_PRODUCT = YES;
			};
			name = Release;
		};
		EEAF6AED2895859000453AAA /* Debug */ = {
			isa = XCBuildConfiguration;
			baseConfigurationReference = BE7AC3CA5685D74ECA703734 /* Pods-InstagramChallenge.debug.xcconfig */;
			buildSettings = {
				ASSETCATALOG_COMPILER_APPICON_NAME = AppIcon;
				ASSETCATALOG_COMPILER_GLOBAL_ACCENT_COLOR_NAME = AccentColor;
				CODE_SIGN_IDENTITY = "Apple Development";
				CODE_SIGN_STYLE = Automatic;
				CURRENT_PROJECT_VERSION = 1;
				DEVELOPMENT_TEAM = FXFMS96RM6;
				GENERATE_INFOPLIST_FILE = YES;
				INFOPLIST_FILE = InstagramChallenge/Info.plist;
				INFOPLIST_KEY_UIApplicationSupportsIndirectInputEvents = YES;
				INFOPLIST_KEY_UILaunchStoryboardName = Start;
				INFOPLIST_KEY_UIMainStoryboardFile = Start;
				INFOPLIST_KEY_UISupportedInterfaceOrientations = UIInterfaceOrientationPortrait;
				INFOPLIST_KEY_UISupportedInterfaceOrientations_iPad = "UIInterfaceOrientationPortrait UIInterfaceOrientationPortraitUpsideDown UIInterfaceOrientationLandscapeLeft UIInterfaceOrientationLandscapeRight";
				INFOPLIST_KEY_UISupportedInterfaceOrientations_iPhone = "UIInterfaceOrientationPortrait UIInterfaceOrientationLandscapeLeft UIInterfaceOrientationLandscapeRight";
				IPHONEOS_DEPLOYMENT_TARGET = 14.0;
				LD_RUNPATH_SEARCH_PATHS = (
					"$(inherited)",
					"@executable_path/Frameworks",
				);
				MARKETING_VERSION = 1.0;
				PRODUCT_BUNDLE_IDENTIFIER = com.softsquared.gridgeTest.ios.InstagraChallenge;
				PRODUCT_NAME = "$(TARGET_NAME)";
				PROVISIONING_PROFILE_SPECIFIER = "";
				SWIFT_EMIT_LOC_STRINGS = YES;
				SWIFT_VERSION = 5.0;
				TARGETED_DEVICE_FAMILY = 1;
			};
			name = Debug;
		};
		EEAF6AEE2895859000453AAA /* Release */ = {
			isa = XCBuildConfiguration;
			baseConfigurationReference = 230240CB4F64DD69035DACFE /* Pods-InstagramChallenge.release.xcconfig */;
			buildSettings = {
				ASSETCATALOG_COMPILER_APPICON_NAME = AppIcon;
				ASSETCATALOG_COMPILER_GLOBAL_ACCENT_COLOR_NAME = AccentColor;
				CODE_SIGN_STYLE = Automatic;
				CURRENT_PROJECT_VERSION = 1;
				DEVELOPMENT_TEAM = FXFMS96RM6;
				GENERATE_INFOPLIST_FILE = YES;
				INFOPLIST_FILE = InstagramChallenge/Info.plist;
				INFOPLIST_KEY_UIApplicationSupportsIndirectInputEvents = YES;
				INFOPLIST_KEY_UILaunchStoryboardName = Start;
				INFOPLIST_KEY_UIMainStoryboardFile = Start;
				INFOPLIST_KEY_UISupportedInterfaceOrientations = UIInterfaceOrientationPortrait;
				INFOPLIST_KEY_UISupportedInterfaceOrientations_iPad = "UIInterfaceOrientationPortrait UIInterfaceOrientationPortraitUpsideDown UIInterfaceOrientationLandscapeLeft UIInterfaceOrientationLandscapeRight";
				INFOPLIST_KEY_UISupportedInterfaceOrientations_iPhone = "UIInterfaceOrientationPortrait UIInterfaceOrientationLandscapeLeft UIInterfaceOrientationLandscapeRight";
				IPHONEOS_DEPLOYMENT_TARGET = 14.0;
				LD_RUNPATH_SEARCH_PATHS = (
					"$(inherited)",
					"@executable_path/Frameworks",
				);
				MARKETING_VERSION = 1.0;
				PRODUCT_BUNDLE_IDENTIFIER = com.softsquared.gridgeTest.ios.InstagraChallenge;
				PRODUCT_NAME = "$(TARGET_NAME)";
				SWIFT_EMIT_LOC_STRINGS = YES;
				SWIFT_VERSION = 5.0;
				TARGETED_DEVICE_FAMILY = 1;
			};
			name = Release;
		};
/* End XCBuildConfiguration section */

/* Begin XCConfigurationList section */
		EEAF6AD32895858D00453AAA /* Build configuration list for PBXProject "InstagramChallenge" */ = {
			isa = XCConfigurationList;
			buildConfigurations = (
				EEAF6AEA2895859000453AAA /* Debug */,
				EEAF6AEB2895859000453AAA /* Release */,
			);
			defaultConfigurationIsVisible = 0;
			defaultConfigurationName = Release;
		};
		EEAF6AEC2895859000453AAA /* Build configuration list for PBXNativeTarget "InstagramChallenge" */ = {
			isa = XCConfigurationList;
			buildConfigurations = (
				EEAF6AED2895859000453AAA /* Debug */,
				EEAF6AEE2895859000453AAA /* Release */,
			);
			defaultConfigurationIsVisible = 0;
			defaultConfigurationName = Release;
		};
/* End XCConfigurationList section */
	};
	rootObject = EEAF6AD02895858D00453AAA /* Project object */;
}
